# This file is automatically @generated by Poetry 1.8.3 and should not be changed by hand.

[[package]]
name = "perplexityai"
version = "0.1"
description = "A python api to use perplexity.ai"
optional = false
python-versions = "*"
files = []
develop = false

[package.source]
type = "git"
url = "https://github.com/nathanrchn/perplexityai.git"
reference = "HEAD"
resolved_reference = "b4eed9ff2522ffba5b671843a0f912d9024d99e5"

[metadata]
lock-version = "2.0"
python-versions = "^3.10"
content-hash = "fd8a969b4d99d98c31dacf06c71fab9829a0b48e0db997fe2fc1c22acee00f0b"
